
Microsoft Visual Studio Solution File, Format Version 12.00
# Visual Studio Version 17
VisualStudioVersion = 17.10.34928.147
MinimumVisualStudioVersion = 10.0.40219.1
Project("{FAE04EC0-301F-11D3-BF4B-00C04F79EFBC}") = "WebServerSeeding", "WebServerSeeding\WebServerSeeding.csproj", "{CD57225E-3C22-43C3-95B1-CC100C037392}"
EndProject
Global
	GlobalSection(SolutionConfigurationPlatforms) = preSolution
		Debug|Any CPU = Debug|Any CPU
		Release|Any CPU = Release|Any CPU
	EndGlobalSection
	GlobalSection(ProjectConfigurationPlatforms) = postSolution
		{CD57225E-3C22-43C3-95B1-CC100C037392}.Debug|Any CPU.ActiveCfg = Debug|Any CPU
		{CD57225E-3C22-43C3-95B1-CC100C037392}.Debug|Any CPU.Build.0 = Debug|Any CPU
		{CD57225E-3C22-43C3-95B1-CC100C037392}.Release|Any CPU.ActiveCfg = Release|Any CPU
		{CD57225E-3C22-43C3-95B1-CC100C037392}.Release|Any CPU.Build.0 = Release|Any CPU
	EndGlobalSection
	GlobalSection(SolutionProperties) = preSolution
		HideSolutionNode = FALSE
	EndGlobalSection
	GlobalSection(ExtensibilityGlobals) = postSolution
		SolutionGuid = {C72B6410-9CF9-4101-B17D-01489475C0F8}
	EndGlobalSection
EndGlobal
